{
  "name": "assets",
  "lockfileVersion": 2,
  "requires": true,
  "packages": {
    "": {
      "devDependencies": {
        "live-element": "file:../../live-element"
      }
    },
    "../../live-element": {
      "version": "0.0.0",
      "dev": true,
      "license": "MIT",
      "dependencies": {
        "lit": "^2.0.0",
        "phoenix": "^1.6.0",
        "phoenix_live_view": "file:../phoenix_live_view"
      },
      "devDependencies": {
        "@custom-elements-manifest/analyzer": "^0.4.17",
        "@open-wc/testing": "next",
        "@web/dev-server": "^0.1.24",
        "@web/test-runner": "^0.13.18"
      }
    },
    "node_modules/live-element": {
      "resolved": "../../live-element",
      "link": true
    }
  },
  "dependencies": {
    "live-element": {
      "version": "file:../../live-element",
      "requires": {
        "@custom-elements-manifest/analyzer": "^0.4.17",
        "@open-wc/testing": "next",
        "@web/dev-server": "^0.1.24",
        "@web/test-runner": "^0.13.18",
        "lit": "^2.0.0",
        "phoenix": "^1.6.0",
        "phoenix_live_view": "file:../phoenix_live_view"
      }
    }
  }
}
