{
  "name": "assets",
  "lockfileVersion": 2,
  "requires": true,
  "packages": {
    "": {
      "dependencies": {
        "live_element": "file:../../live_element"
      }
    },
    "../../live_element": {
      "version": "0.0.1",
      "license": "MIT"
    },
    "node_modules/live_element": {
      "resolved": "../../live_element",
      "link": true
    }
  },
  "dependencies": {
    "live_element": {
      "version": "file:../../live_element"
    }
  }
}
